
Microsoft Visual Studio Solution File, Format Version 12.00
# Visual Studio Version 16
VisualStudioVersion = 16.0.31515.178
MinimumVisualStudioVersion = 10.0.40219.1
Project("{9A19103F-16F7-4668-BE54-9A1E7A4F7556}") = "productsAPIs", "productsAPIs.csproj", "{5B3C3D35-192D-4E89-99E1-2F16FD2A5C7C}"
EndProject
Global
	GlobalSection(SolutionConfigurationPlatforms) = preSolution
		Debug|Any CPU = Debug|Any CPU
		Release|Any CPU = Release|Any CPU
	EndGlobalSection
	GlobalSection(ProjectConfigurationPlatforms) = postSolution
		{5B3C3D35-192D-4E89-99E1-2F16FD2A5C7C}.Debug|Any CPU.ActiveCfg = Debug|Any CPU
		{5B3C3D35-192D-4E89-99E1-2F16FD2A5C7C}.Debug|Any CPU.Build.0 = Debug|Any CPU
		{5B3C3D35-192D-4E89-99E1-2F16FD2A5C7C}.Release|Any CPU.ActiveCfg = Release|Any CPU
		{5B3C3D35-192D-4E89-99E1-2F16FD2A5C7C}.Release|Any CPU.Build.0 = Release|Any CPU
	EndGlobalSection
	GlobalSection(SolutionProperties) = preSolution
		HideSolutionNode = FALSE
	EndGlobalSection
	GlobalSection(ExtensibilityGlobals) = postSolution
		SolutionGuid = {A26D6708-6300-4154-9996-0DE2C47CE23D}
	EndGlobalSection
EndGlobal
